// !$*UTF8*$!
{
	archiveVersion = 1;
	classes = {
	};
	objectVersion = 55;
	objects = {

/* Begin PBXBuildFile section */
		2B819CBC287F951900A9563B /* AppDelegate.swift in Sources */ = {isa = PBXBuildFile; fileRef = 2B819CBB287F951900A9563B /* AppDelegate.swift */; };
		2B819CBE287F951900A9563B /* SceneDelegate.swift in Sources */ = {isa = PBXBuildFile; fileRef = 2B819CBD287F951900A9563B /* SceneDelegate.swift */; };
		2B819CC0287F951900A9563B /* MainViewController.swift in Sources */ = {isa = PBXBuildFile; fileRef = 2B819CBF287F951900A9563B /* MainViewController.swift */; };
		2B819CC3287F951900A9563B /* Main.storyboard in Resources */ = {isa = PBXBuildFile; fileRef = 2B819CC1287F951900A9563B /* Main.storyboard */; };
		2B819CC5287F951C00A9563B /* Assets.xcassets in Resources */ = {isa = PBXBuildFile; fileRef = 2B819CC4287F951C00A9563B /* Assets.xcassets */; };
		2B819CC8287F951C00A9563B /* LaunchScreen.storyboard in Resources */ = {isa = PBXBuildFile; fileRef = 2B819CC6287F951C00A9563B /* LaunchScreen.storyboard */; };
		2B819CD4287FAE6000A9563B /* Network.swift in Sources */ = {isa = PBXBuildFile; fileRef = 2B819CD3287FAE5F00A9563B /* Network.swift */; };
		2B819CD6287FB3CE00A9563B /* PasswordsModel.swift in Sources */ = {isa = PBXBuildFile; fileRef = 2B819CD5287FB3CE00A9563B /* PasswordsModel.swift */; };
		2B819CD8287FDAE400A9563B /* ViewController.swift in Sources */ = {isa = PBXBuildFile; fileRef = 2B819CD7287FDAE400A9563B /* ViewController.swift */; };
		2B819CDA287FDEB800A9563B /* CustomTableViewCell.swift in Sources */ = {isa = PBXBuildFile; fileRef = 2B819CD9287FDEB800A9563B /* CustomTableViewCell.swift */; };
/* End PBXBuildFile section */

/* Begin PBXFileReference section */
		2B819CB8287F951900A9563B /* PasswordBook.app */ = {isa = PBXFileReference; explicitFileType = wrapper.application; includeInIndex = 0; path = PasswordBook.app; sourceTree = BUILT_PRODUCTS_DIR; };
		2B819CBB287F951900A9563B /* AppDelegate.swift */ = {isa = PBXFileReference; lastKnownFileType = sourcecode.swift; path = AppDelegate.swift; sourceTree = "<group>"; };
		2B819CBD287F951900A9563B /* SceneDelegate.swift */ = {isa = PBXFileReference; lastKnownFileType = sourcecode.swift; path = SceneDelegate.swift; sourceTree = "<group>"; };
		2B819CBF287F951900A9563B /* MainViewController.swift */ = {isa = PBXFileReference; lastKnownFileType = sourcecode.swift; path = MainViewController.swift; sourceTree = "<group>"; };
		2B819CC2287F951900A9563B /* Base */ = {isa = PBXFileReference; lastKnownFileType = file.storyboard; name = Base; path = Base.lproj/Main.storyboard; sourceTree = "<group>"; };
		2B819CC4287F951C00A9563B /* Assets.xcassets */ = {isa = PBXFileReference; lastKnownFileType = folder.assetcatalog; path = Assets.xcassets; sourceTree = "<group>"; };
		2B819CC7287F951C00A9563B /* Base */ = {isa = PBXFileReference; lastKnownFileType = file.storyboard; name = Base; path = Base.lproj/LaunchScreen.storyboard; sourceTree = "<group>"; };
		2B819CC9287F951C00A9563B /* Info.plist */ = {isa = PBXFileReference; lastKnownFileType = text.plist.xml; path = Info.plist; sourceTree = "<group>"; };
		2B819CD3287FAE5F00A9563B /* Network.swift */ = {isa = PBXFileReference; lastKnownFileType = sourcecode.swift; path = Network.swift; sourceTree = "<group>"; };
		2B819CD5287FB3CE00A9563B /* PasswordsModel.swift */ = {isa = PBXFileReference; lastKnownFileType = sourcecode.swift; path = PasswordsModel.swift; sourceTree = "<group>"; };
		2B819CD7287FDAE400A9563B /* ViewController.swift */ = {isa = PBXFileReference; lastKnownFileType = sourcecode.swift; path = ViewController.swift; sourceTree = "<group>"; };
		2B819CD9287FDEB800A9563B /* CustomTableViewCell.swift */ = {isa = PBXFileReference; lastKnownFileType = sourcecode.swift; path = CustomTableViewCell.swift; sourceTree = "<group>"; };
/* End PBXFileReference section */

/* Begin PBXFrameworksBuildPhase section */
		2B819CB5287F951900A9563B /* Frameworks */ = {
			isa = PBXFrameworksBuildPhase;
			buildActionMask = 2147483647;
			files = (
			);
			runOnlyForDeploymentPostprocessing = 0;
		};
/* End PBXFrameworksBuildPhase section */

/* Begin PBXGroup section */
		2B819CAF287F951900A9563B = {
			isa = PBXGroup;
			children = (
				2B819CBA287F951900A9563B /* PasswordBook */,
				2B819CB9287F951900A9563B /* Products */,
			);
			sourceTree = "<group>";
		};
		2B819CB9287F951900A9563B /* Products */ = {
			isa = PBXGroup;
			children = (
				2B819CB8287F951900A9563B /* PasswordBook.app */,
			);
			name = Products;
			sourceTree = "<group>";
		};
		2B819CBA287F951900A9563B /* PasswordBook */ = {
			isa = PBXGroup;
			children = (
				2B819CBB287F951900A9563B /* AppDelegate.swift */,
				2B819CBD287F951900A9563B /* SceneDelegate.swift */,
				2B819CD7287FDAE400A9563B /* ViewController.swift */,
				2B819CBF287F951900A9563B /* MainViewController.swift */,
				2B819CD9287FDEB800A9563B /* CustomTableViewCell.swift */,
				2B819CD5287FB3CE00A9563B /* PasswordsModel.swift */,
				2B819CD3287FAE5F00A9563B /* Network.swift */,
				2B819CC1287F951900A9563B /* Main.storyboard */,
				2B819CC4287F951C00A9563B /* Assets.xcassets */,
				2B819CC6287F951C00A9563B /* LaunchScreen.storyboard */,
				2B819CC9287F951C00A9563B /* Info.plist */,
			);
			path = PasswordBook;
			sourceTree = "<group>";
		};
/* End PBXGroup section */

/* Begin PBXNativeTarget section */
		2B819CB7287F951900A9563B /* PasswordBook */ = {
			isa = PBXNativeTarget;
			buildConfigurationList = 2B819CCC287F951C00A9563B /* Build configuration list for PBXNativeTarget "PasswordBook" */;
			buildPhases = (
				2B819CB4287F951900A9563B /* Sources */,
				2B819CB5287F951900A9563B /* Frameworks */,
				2B819CB6287F951900A9563B /* Resources */,
			);
			buildRules = (
			);
			dependencies = (
			);
			name = PasswordBook;
			productName = PasswordBook;
			productReference = 2B819CB8287F951900A9563B /* PasswordBook.app */;
			productType = "com.apple.product-type.application";
		};
/* End PBXNativeTarget section */

/* Begin PBXProject section */
		2B819CB0287F951900A9563B /* Project object */ = {
			isa = PBXProject;
			attributes = {
				BuildIndependentTargetsInParallel = 1;
				LastSwiftUpdateCheck = 1320;
				LastUpgradeCheck = 1320;
				TargetAttributes = {
					2B819CB7287F951900A9563B = {
						CreatedOnToolsVersion = 13.2.1;
					};
				};
			};
			buildConfigurationList = 2B819CB3287F951900A9563B /* Build configuration list for PBXProject "PasswordBook" */;
			compatibilityVersion = "Xcode 13.0";
			developmentRegion = en;
			hasScannedForEncodings = 0;
			knownRegions = (
				en,
				Base,
			);
			mainGroup = 2B819CAF287F951900A9563B;
			productRefGroup = 2B819CB9287F951900A9563B /* Products */;
			projectDirPath = "";
			projectRoot = "";
			targets = (
				2B819CB7287F951900A9563B /* PasswordBook */,
			);
		};
/* End PBXProject section */

/* Begin PBXResourcesBuildPhase section */
		2B819CB6287F951900A9563B /* Resources */ = {
			isa = PBXResourcesBuildPhase;
			buildActionMask = 2147483647;
			files = (
				2B819CC8287F951C00A9563B /* LaunchScreen.storyboard in Resources */,
				2B819CC5287F951C00A9563B /* Assets.xcassets in Resources */,
				2B819CC3287F951900A9563B /* Main.storyboard in Resources */,
			);
			runOnlyForDeploymentPostprocessing = 0;
		};
/* End PBXResourcesBuildPhase section */

/* Begin PBXSourcesBuildPhase section */
		2B819CB4287F951900A9563B /* Sources */ = {
			isa = PBXSourcesBuildPhase;
			buildActionMask = 2147483647;
			files = (
				2B819CC0287F951900A9563B /* MainViewController.swift in Sources */,
				2B819CBC287F951900A9563B /* AppDelegate.swift in Sources */,
				2B819CD4287FAE6000A9563B /* Network.swift in Sources */,
				2B819CD6287FB3CE00A9563B /* PasswordsModel.swift in Sources */,
				2B819CBE287F951900A9563B /* SceneDelegate.swift in Sources */,
				2B819CD8287FDAE400A9563B /* ViewController.swift in Sources */,
				2B819CDA287FDEB800A9563B /* CustomTableViewCell.swift in Sources */,
			);
			runOnlyForDeploymentPostprocessing = 0;
		};
/* End PBXSourcesBuildPhase section */

/* Begin PBXVariantGroup section */
		2B819CC1287F951900A9563B /* Main.storyboard */ = {
			isa = PBXVariantGroup;
			children = (
				2B819CC2287F951900A9563B /* Base */,
			);
			name = Main.storyboard;
			sourceTree = "<group>";
		};
		2B819CC6287F951C00A9563B /* LaunchScreen.storyboard */ = {
			isa = PBXVariantGroup;
			children = (
				2B819CC7287F951C00A9563B /* Base */,
			);
			name = LaunchScreen.storyboard;
			sourceTree = "<group>";
		};
/* End PBXVariantGroup section */

/* Begin XCBuildConfiguration section */
		2B819CCA287F951C00A9563B /* Debug */ = {
			isa = XCBuildConfiguration;
			buildSettings = {
				ALWAYS_SEARCH_USER_PATHS = NO;
				CLANG_ANALYZER_NONNULL = YES;
				CLANG_ANALYZER_NUMBER_OBJECT_CONVERSION = YES_AGGRESSIVE;
				CLANG_CXX_LANGUAGE_STANDARD = "gnu++17";
				CLANG_CXX_LIBRARY = "libc++";
				CLANG_ENABLE_MODULES = YES;
				CLANG_ENABLE_OBJC_ARC = YES;
				CLANG_ENABLE_OBJC_WEAK = YES;
				CLANG_WARN_BLOCK_CAPTURE_AUTORELEASING = YES;
				CLANG_WARN_BOOL_CONVERSION = YES;
				CLANG_WARN_COMMA = YES;
				CLANG_WARN_CONSTANT_CONVERSION = YES;
				CLANG_WARN_DEPRECATED_OBJC_IMPLEMENTATIONS = YES;
				CLANG_WARN_DIRECT_OBJC_ISA_USAGE = YES_ERROR;
				CLANG_WARN_DOCUMENTATION_COMMENTS = YES;
				CLANG_WARN_EMPTY_BODY = YES;
				CLANG_WARN_ENUM_CONVERSION = YES;
				CLANG_WARN_INFINITE_RECURSION = YES;
				CLANG_WARN_INT_CONVERSION = YES;
				CLANG_WARN_NON_LITERAL_NULL_CONVERSION = YES;
				CLANG_WARN_OBJC_IMPLICIT_RETAIN_SELF = YES;
				CLANG_WARN_OBJC_LITERAL_CONVERSION = YES;
				CLANG_WARN_OBJC_ROOT_CLASS = YES_ERROR;
				CLANG_WARN_QUOTED_INCLUDE_IN_FRAMEWORK_HEADER = YES;
				CLANG_WARN_RANGE_LOOP_ANALYSIS = YES;
				CLANG_WARN_STRICT_PROTOTYPES = YES;
				CLANG_WARN_SUSPICIOUS_MOVE = YES;
				CLANG_WARN_UNGUARDED_AVAILABILITY = YES_AGGRESSIVE;
				CLANG_WARN_UNREACHABLE_CODE = YES;
				CLANG_WARN__DUPLICATE_METHOD_MATCH = YES;
				COPY_PHASE_STRIP = NO;
				DEBUG_INFORMATION_FORMAT = dwarf;
				ENABLE_STRICT_OBJC_MSGSEND = YES;
				ENABLE_TESTABILITY = YES;
				GCC_C_LANGUAGE_STANDARD = gnu11;
				GCC_DYNAMIC_NO_PIC = NO;
				GCC_NO_COMMON_BLOCKS = YES;
				GCC_OPTIMIZATION_LEVEL = 0;
				GCC_PREPROCESSOR_DEFINITIONS = (
					"DEBUG=1",
					"$(inherited)",
				);
				GCC_WARN_64_TO_32_BIT_CONVERSION = YES;
				GCC_WARN_ABOUT_RETURN_TYPE = YES_ERROR;
				GCC_WARN_UNDECLARED_SELECTOR = YES;
				GCC_WARN_UNINITIALIZED_AUTOS = YES_AGGRESSIVE;
				GCC_WARN_UNUSED_FUNCTION = YES;
				GCC_WARN_UNUSED_VARIABLE = YES;
				IPHONEOS_DEPLOYMENT_TARGET = 15.2;
				MTL_ENABLE_DEBUG_INFO = INCLUDE_SOURCE;
				MTL_FAST_MATH = YES;
				ONLY_ACTIVE_ARCH = YES;
				SDKROOT = iphoneos;
				SWIFT_ACTIVE_COMPILATION_CONDITIONS = DEBUG;
				SWIFT_OPTIMIZATION_LEVEL = "-Onone";
			};
			name = Debug;
		};
		2B819CCB287F951C00A9563B /* Release */ = {
			isa = XCBuildConfiguration;
			buildSettings = {
				ALWAYS_SEARCH_USER_PATHS = NO;
				CLANG_ANALYZER_NONNULL = YES;
				CLANG_ANALYZER_NUMBER_OBJECT_CONVERSION = YES_AGGRESSIVE;
				CLANG_CXX_LANGUAGE_STANDARD = "gnu++17";
				CLANG_CXX_LIBRARY = "libc++";
				CLANG_ENABLE_MODULES = YES;
				CLANG_ENABLE_OBJC_ARC = YES;
				CLANG_ENABLE_OBJC_WEAK = YES;
				CLANG_WARN_BLOCK_CAPTURE_AUTORELEASING = YES;
				CLANG_WARN_BOOL_CONVERSION = YES;
				CLANG_WARN_COMMA = YES;
				CLANG_WARN_CONSTANT_CONVERSION = YES;
				CLANG_WARN_DEPRECATED_OBJC_IMPLEMENTATIONS = YES;
				CLANG_WARN_DIRECT_OBJC_ISA_USAGE = YES_ERROR;
				CLANG_WARN_DOCUMENTATION_COMMENTS = YES;
				CLANG_WARN_EMPTY_BODY = YES;
				CLANG_WARN_ENUM_CONVERSION = YES;
				CLANG_WARN_INFINITE_RECURSION = YES;
				CLANG_WARN_INT_CONVERSION = YES;
				CLANG_WARN_NON_LITERAL_NULL_CONVERSION = YES;
				CLANG_WARN_OBJC_IMPLICIT_RETAIN_SELF = YES;
				CLANG_WARN_OBJC_LITERAL_CONVERSION = YES;
				CLANG_WARN_OBJC_ROOT_CLASS = YES_ERROR;
				CLANG_WARN_QUOTED_INCLUDE_IN_FRAMEWORK_HEADER = YES;
				CLANG_WARN_RANGE_LOOP_ANALYSIS = YES;
				CLANG_WARN_STRICT_PROTOTYPES = YES;
				CLANG_WARN_SUSPICIOUS_MOVE = YES;
				CLANG_WARN_UNGUARDED_AVAILABILITY = YES_AGGRESSIVE;
				CLANG_WARN_UNREACHABLE_CODE = YES;
				CLANG_WARN__DUPLICATE_METHOD_MATCH = YES;
				COPY_PHASE_STRIP = NO;
				DEBUG_INFORMATION_FORMAT = "dwarf-with-dsym";
				ENABLE_NS_ASSERTIONS = NO;
				ENABLE_STRICT_OBJC_MSGSEND = YES;
				GCC_C_LANGUAGE_STANDARD = gnu11;
				GCC_NO_COMMON_BLOCKS = YES;
				GCC_WARN_64_TO_32_BIT_CONVERSION = YES;
				GCC_WARN_ABOUT_RETURN_TYPE = YES_ERROR;
				GCC_WARN_UNDECLARED_SELECTOR = YES;
				GCC_WARN_UNINITIALIZED_AUTOS = YES_AGGRESSIVE;
				GCC_WARN_UNUSED_FUNCTION = YES;
				GCC_WARN_UNUSED_VARIABLE = YES;
				IPHONEOS_DEPLOYMENT_TARGET = 15.2;
				MTL_ENABLE_DEBUG_INFO = NO;
				MTL_FAST_MATH = YES;
				SDKROOT = iphoneos;
				SWIFT_COMPILATION_MODE = wholemodule;
				SWIFT_OPTIMIZATION_LEVEL = "-O";
				VALIDATE_PRODUCT = YES;
			};
			name = Release;
		};
		2B819CCD287F951C00A9563B /* Debug */ = {
			isa = XCBuildConfiguration;
			buildSettings = {
				ASSETCATALOG_COMPILER_APPICON_NAME = AppIcon;
				ASSETCATALOG_COMPILER_GLOBAL_ACCENT_COLOR_NAME = AccentColor;
				CODE_SIGN_STYLE = Automatic;
				CURRENT_PROJECT_VERSION = 1;
				GENERATE_INFOPLIST_FILE = YES;
				INFOPLIST_FILE = PasswordBook/Info.plist;
				INFOPLIST_KEY_UIApplicationSupportsIndirectInputEvents = YES;
				INFOPLIST_KEY_UILaunchStoryboardName = LaunchScreen;
				INFOPLIST_KEY_UIMainStoryboardFile = Main;
				INFOPLIST_KEY_UISupportedInterfaceOrientations_iPad = "UIInterfaceOrientationPortrait UIInterfaceOrientationPortraitUpsideDown UIInterfaceOrientationLandscapeLeft UIInterfaceOrientationLandscapeRight";
				INFOPLIST_KEY_UISupportedInterfaceOrientations_iPhone = "UIInterfaceOrientationPortrait UIInterfaceOrientationLandscapeLeft UIInterfaceOrientationLandscapeRight";
				LD_RUNPATH_SEARCH_PATHS = (
					"$(inherited)",
					"@executable_path/Frameworks",
				);
				MARKETING_VERSION = 1.0;
				PRODUCT_BUNDLE_IDENTIFIER = IceR.PasswordBook;
				PRODUCT_NAME = "$(TARGET_NAME)";
				SWIFT_EMIT_LOC_STRINGS = YES;
				SWIFT_VERSION = 5.0;
				TARGETED_DEVICE_FAMILY = "1,2";
			};
			name = Debug;
		};
		2B819CCE287F951C00A9563B /* Release */ = {
			isa = XCBuildConfiguration;
			buildSettings = {
				ASSETCATALOG_COMPILER_APPICON_NAME = AppIcon;
				ASSETCATALOG_COMPILER_GLOBAL_ACCENT_COLOR_NAME = AccentColor;
				CODE_SIGN_STYLE = Automatic;
				CURRENT_PROJECT_VERSION = 1;
				GENERATE_INFOPLIST_FILE = YES;
				INFOPLIST_FILE = PasswordBook/Info.plist;
				INFOPLIST_KEY_UIApplicationSupportsIndirectInputEvents = YES;
				INFOPLIST_KEY_UILaunchStoryboardName = LaunchScreen;
				INFOPLIST_KEY_UIMainStoryboardFile = Main;
				INFOPLIST_KEY_UISupportedInterfaceOrientations_iPad = "UIInterfaceOrientationPortrait UIInterfaceOrientationPortraitUpsideDown UIInterfaceOrientationLandscapeLeft UIInterfaceOrientationLandscapeRight";
				INFOPLIST_KEY_UISupportedInterfaceOrientations_iPhone = "UIInterfaceOrientationPortrait UIInterfaceOrientationLandscapeLeft UIInterfaceOrientationLandscapeRight";
				LD_RUNPATH_SEARCH_PATHS = (
					"$(inherited)",
					"@executable_path/Frameworks",
				);
				MARKETING_VERSION = 1.0;
				PRODUCT_BUNDLE_IDENTIFIER = IceR.PasswordBook;
				PRODUCT_NAME = "$(TARGET_NAME)";
				SWIFT_EMIT_LOC_STRINGS = YES;
				SWIFT_VERSION = 5.0;
				TARGETED_DEVICE_FAMILY = "1,2";
			};
			name = Release;
		};
/* End XCBuildConfiguration section */

/* Begin XCConfigurationList section */
		2B819CB3287F951900A9563B /* Build configuration list for PBXProject "PasswordBook" */ = {
			isa = XCConfigurationList;
			buildConfigurations = (
				2B819CCA287F951C00A9563B /* Debug */,
				2B819CCB287F951C00A9563B /* Release */,
			);
			defaultConfigurationIsVisible = 0;
			defaultConfigurationName = Release;
		};
		2B819CCC287F951C00A9563B /* Build configuration list for PBXNativeTarget "PasswordBook" */ = {
			isa = XCConfigurationList;
			buildConfigurations = (
				2B819CCD287F951C00A9563B /* Debug */,
				2B819CCE287F951C00A9563B /* Release */,
			);
			defaultConfigurationIsVisible = 0;
			defaultConfigurationName = Release;
		};
/* End XCConfigurationList section */
	};
	rootObject = 2B819CB0287F951900A9563B /* Project object */;
}
